
Microsoft Visual Studio Solution File, Format Version 12.00
# Visual Studio 15
VisualStudioVersion = 15.0.26730.15
MinimumVisualStudioVersion = 10.0.40219.1
Project("{FAE04EC0-301F-11D3-BF4B-00C04F79EFBC}") = "CosmosDBUtilitiesExample", "CosmosDBUtilitiesExample\CosmosDBUtilitiesExample.csproj", "{CD091A07-7E5F-4C53-92F1-3EBB2C48703A}"
EndProject
Global
	GlobalSection(SolutionConfigurationPlatforms) = preSolution
		Debug|Any CPU = Debug|Any CPU
		Release|Any CPU = Release|Any CPU
	EndGlobalSection
	GlobalSection(ProjectConfigurationPlatforms) = postSolution
		{CD091A07-7E5F-4C53-92F1-3EBB2C48703A}.Debug|Any CPU.ActiveCfg = Debug|Any CPU
		{CD091A07-7E5F-4C53-92F1-3EBB2C48703A}.Debug|Any CPU.Build.0 = Debug|Any CPU
		{CD091A07-7E5F-4C53-92F1-3EBB2C48703A}.Release|Any CPU.ActiveCfg = Release|Any CPU
		{CD091A07-7E5F-4C53-92F1-3EBB2C48703A}.Release|Any CPU.Build.0 = Release|Any CPU
	EndGlobalSection
	GlobalSection(SolutionProperties) = preSolution
		HideSolutionNode = FALSE
	EndGlobalSection
	GlobalSection(ExtensibilityGlobals) = postSolution
		SolutionGuid = {A97C4431-A89E-42EE-9C0F-47D12DF0F155}
	EndGlobalSection
EndGlobal
